
Microsoft Visual Studio Solution File, Format Version 12.00
# Visual Studio Version 17
VisualStudioVersion = 17.5.33516.290
MinimumVisualStudioVersion = 10.0.40219.1
Project("{9A19103F-16F7-4668-BE54-9A1E7A4F7556}") = "UserAPI", "UserAPI\UserAPI.csproj", "{56CDA37A-B270-4D23-A0EB-395ED1A9FA04}"
EndProject
Project("{FAE04EC0-301F-11D3-BF4B-00C04F79EFBC}") = "UserAPI.test", "UserAPI.test\UserAPI.test.csproj", "{A240BF0D-5FE4-46F3-9C99-F128C0E5744E}"
EndProject
Global
	GlobalSection(SolutionConfigurationPlatforms) = preSolution
		Debug|Any CPU = Debug|Any CPU
		Release|Any CPU = Release|Any CPU
	EndGlobalSection
	GlobalSection(ProjectConfigurationPlatforms) = postSolution
		{56CDA37A-B270-4D23-A0EB-395ED1A9FA04}.Debug|Any CPU.ActiveCfg = Debug|Any CPU
		{56CDA37A-B270-4D23-A0EB-395ED1A9FA04}.Debug|Any CPU.Build.0 = Debug|Any CPU
		{56CDA37A-B270-4D23-A0EB-395ED1A9FA04}.Release|Any CPU.ActiveCfg = Release|Any CPU
		{56CDA37A-B270-4D23-A0EB-395ED1A9FA04}.Release|Any CPU.Build.0 = Release|Any CPU
		{A240BF0D-5FE4-46F3-9C99-F128C0E5744E}.Debug|Any CPU.ActiveCfg = Debug|Any CPU
		{A240BF0D-5FE4-46F3-9C99-F128C0E5744E}.Debug|Any CPU.Build.0 = Debug|Any CPU
		{A240BF0D-5FE4-46F3-9C99-F128C0E5744E}.Release|Any CPU.ActiveCfg = Release|Any CPU
		{A240BF0D-5FE4-46F3-9C99-F128C0E5744E}.Release|Any CPU.Build.0 = Release|Any CPU
	EndGlobalSection
	GlobalSection(SolutionProperties) = preSolution
		HideSolutionNode = FALSE
	EndGlobalSection
	GlobalSection(ExtensibilityGlobals) = postSolution
		SolutionGuid = {0CFAD8EB-4B2B-4F11-8840-C958F538FF77}
	EndGlobalSection
EndGlobal
